{
  "version": 4,
  "terraform_version": "1.1.7",
  "serial": 6,
  "lineage": "8ef5abda-c39a-261e-d173-df18c69b2d61",
  "outputs": {
    "full_name": {
      "value": "igabrpro/git_provider1",
      "type": "string"
    },
    "html_url": {
      "value": "https://github.com/igabrpro/git_provider1",
      "type": "string"
    },
    "in_var_gh_organization": {
      "value": "igabrpro",
      "type": "string"
    },
    "in_var_gh_repo_description": {
      "value": "",
      "type": "string"
    },
    "in_var_gh_repo_name": {
      "value": "git_provider1",
      "type": "string"
    },
    "ssh_clone_url": {
      "value": "git@github.com:igabrpro/git_provider1.git",
      "type": "string"
    }
  },
  "resources": [
    {
      "mode": "managed",
      "type": "github_repository",
      "name": "repo",
      "provider": "provider[\"registry.terraform.io/integrations/github\"]",
      "instances": [
        {
          "schema_version": 0,
          "attributes": {
            "allow_auto_merge": false,
            "allow_merge_commit": true,
            "allow_rebase_merge": true,
            "allow_squash_merge": true,
            "archive_on_destroy": null,
            "archived": false,
            "auto_init": null,
            "branches": [],
            "default_branch": "main",
            "delete_branch_on_merge": false,
            "description": "",
            "etag": "W/\"097f19b98e71a3e0021fe0f9f4f9da2e04e9570c7dd382bba303e33ad676d1ea\"",
            "full_name": "igabrpro/git_provider1",
            "git_clone_url": "git://github.com/igabrpro/git_provider1.git",
            "gitignore_template": null,
            "has_downloads": false,
            "has_issues": false,
            "has_projects": false,
            "has_wiki": false,
            "homepage_url": "",
            "html_url": "https://github.com/igabrpro/git_provider1",
            "http_clone_url": "https://github.com/igabrpro/git_provider1.git",
            "id": "git_provider1",
            "ignore_vulnerability_alerts_during_read": null,
            "is_template": false,
            "license_template": null,
            "name": "git_provider1",
            "node_id": "R_kgDOHTcOcw",
            "pages": [],
            "private": false,
            "repo_id": 490147443,
            "ssh_clone_url": "git@github.com:igabrpro/git_provider1.git",
            "svn_url": "https://github.com/igabrpro/git_provider1",
            "template": [],
            "topics": null,
            "visibility": "public",
            "vulnerability_alerts": false
          },
          "sensitive_attributes": [],
          "private": "bnVsbA=="
        }
      ]
    }
  ]
}
